// !$*UTF8*$!
{
	archiveVersion = 1;
	classes = {
	};
	objectVersion = 46;
	objects = {

/* Begin PBXBuildFile section */
		636C257F1D77187300C13898 /* AppDelegate.swift in Sources */ = {isa = PBXBuildFile; fileRef = 636C257E1D77187300C13898 /* AppDelegate.swift */; };
		636C25811D77187300C13898 /* ViewController.swift in Sources */ = {isa = PBXBuildFile; fileRef = 636C25801D77187300C13898 /* ViewController.swift */; };
		636C25841D77187300C13898 /* Main.storyboard in Resources */ = {isa = PBXBuildFile; fileRef = 636C25821D77187300C13898 /* Main.storyboard */; };
		636C25861D77187300C13898 /* Assets.xcassets in Resources */ = {isa = PBXBuildFile; fileRef = 636C25851D77187300C13898 /* Assets.xcassets */; };
		636C25891D77187300C13898 /* LaunchScreen.storyboard in Resources */ = {isa = PBXBuildFile; fileRef = 636C25871D77187300C13898 /* LaunchScreen.storyboard */; };
		636C25941D77190F00C13898 /* Player.swift in Sources */ = {isa = PBXBuildFile; fileRef = 636C25931D77190F00C13898 /* Player.swift */; };
/* End PBXBuildFile section */

/* Begin PBXFileReference section */
		636C257B1D77187300C13898 /* CrapsLearner.app */ = {isa = PBXFileReference; explicitFileType = wrapper.application; includeInIndex = 0; path = CrapsLearner.app; sourceTree = BUILT_PRODUCTS_DIR; };
		636C257E1D77187300C13898 /* AppDelegate.swift */ = {isa = PBXFileReference; lastKnownFileType = sourcecode.swift; path = AppDelegate.swift; sourceTree = "<group>"; };
		636C25801D77187300C13898 /* ViewController.swift */ = {isa = PBXFileReference; lastKnownFileType = sourcecode.swift; path = ViewController.swift; sourceTree = "<group>"; };
		636C25831D77187300C13898 /* Base */ = {isa = PBXFileReference; lastKnownFileType = file.storyboard; name = Base; path = Base.lproj/Main.storyboard; sourceTree = "<group>"; };
		636C25851D77187300C13898 /* Assets.xcassets */ = {isa = PBXFileReference; lastKnownFileType = folder.assetcatalog; path = Assets.xcassets; sourceTree = "<group>"; };
		636C25881D77187300C13898 /* Base */ = {isa = PBXFileReference; lastKnownFileType = file.storyboard; name = Base; path = Base.lproj/LaunchScreen.storyboard; sourceTree = "<group>"; };
		636C258A1D77187300C13898 /* Info.plist */ = {isa = PBXFileReference; lastKnownFileType = text.plist.xml; path = Info.plist; sourceTree = "<group>"; };
		636C25931D77190F00C13898 /* Player.swift */ = {isa = PBXFileReference; fileEncoding = 4; lastKnownFileType = sourcecode.swift; path = Player.swift; sourceTree = "<group>"; };
/* End PBXFileReference section */

/* Begin PBXFrameworksBuildPhase section */
		636C25781D77187300C13898 /* Frameworks */ = {
			isa = PBXFrameworksBuildPhase;
			buildActionMask = 2147483647;
			files = (
			);
			runOnlyForDeploymentPostprocessing = 0;
		};
/* End PBXFrameworksBuildPhase section */

/* Begin PBXGroup section */
		636C25721D77187300C13898 = {
			isa = PBXGroup;
			children = (
				636C257D1D77187300C13898 /* CrapsLearner */,
				636C257C1D77187300C13898 /* Products */,
			);
			sourceTree = "<group>";
		};
		636C257C1D77187300C13898 /* Products */ = {
			isa = PBXGroup;
			children = (
				636C257B1D77187300C13898 /* CrapsLearner.app */,
			);
			name = Products;
			sourceTree = "<group>";
		};
		636C257D1D77187300C13898 /* CrapsLearner */ = {
			isa = PBXGroup;
			children = (
				636C25901D77189700C13898 /* model */,
				636C25911D7718A000C13898 /* view */,
				636C25921D7718AC00C13898 /* controller */,
				636C25821D77187300C13898 /* Main.storyboard */,
				636C257E1D77187300C13898 /* AppDelegate.swift */,
				636C25851D77187300C13898 /* Assets.xcassets */,
				636C25871D77187300C13898 /* LaunchScreen.storyboard */,
				636C258A1D77187300C13898 /* Info.plist */,
			);
			path = CrapsLearner;
			sourceTree = "<group>";
		};
		636C25901D77189700C13898 /* model */ = {
			isa = PBXGroup;
			children = (
				636C25931D77190F00C13898 /* Player.swift */,
			);
			name = model;
			sourceTree = "<group>";
		};
		636C25911D7718A000C13898 /* view */ = {
			isa = PBXGroup;
			children = (
				636C25801D77187300C13898 /* ViewController.swift */,
			);
			name = view;
			sourceTree = "<group>";
		};
		636C25921D7718AC00C13898 /* controller */ = {
			isa = PBXGroup;
			children = (
			);
			name = controller;
			sourceTree = "<group>";
		};
/* End PBXGroup section */

/* Begin PBXNativeTarget section */
		636C257A1D77187300C13898 /* CrapsLearner */ = {
			isa = PBXNativeTarget;
			buildConfigurationList = 636C258D1D77187300C13898 /* Build configuration list for PBXNativeTarget "CrapsLearner" */;
			buildPhases = (
				636C25771D77187300C13898 /* Sources */,
				636C25781D77187300C13898 /* Frameworks */,
				636C25791D77187300C13898 /* Resources */,
			);
			buildRules = (
			);
			dependencies = (
			);
			name = CrapsLearner;
			productName = CrapsLearner;
			productReference = 636C257B1D77187300C13898 /* CrapsLearner.app */;
			productType = "com.apple.product-type.application";
		};
/* End PBXNativeTarget section */

/* Begin PBXProject section */
		636C25731D77187300C13898 /* Project object */ = {
			isa = PBXProject;
			attributes = {
				LastSwiftUpdateCheck = 0730;
				LastUpgradeCheck = 0730;
				ORGANIZATIONNAME = ResponseApps;
				TargetAttributes = {
					636C257A1D77187300C13898 = {
						CreatedOnToolsVersion = 7.3.1;
						DevelopmentTeam = 5L6ATV529N;
					};
				};
			};
			buildConfigurationList = 636C25761D77187300C13898 /* Build configuration list for PBXProject "CrapsLearner" */;
			compatibilityVersion = "Xcode 3.2";
			developmentRegion = English;
			hasScannedForEncodings = 0;
			knownRegions = (
				en,
				Base,
			);
			mainGroup = 636C25721D77187300C13898;
			productRefGroup = 636C257C1D77187300C13898 /* Products */;
			projectDirPath = "";
			projectRoot = "";
			targets = (
				636C257A1D77187300C13898 /* CrapsLearner */,
			);
		};
/* End PBXProject section */

/* Begin PBXResourcesBuildPhase section */
		636C25791D77187300C13898 /* Resources */ = {
			isa = PBXResourcesBuildPhase;
			buildActionMask = 2147483647;
			files = (
				636C25891D77187300C13898 /* LaunchScreen.storyboard in Resources */,
				636C25861D77187300C13898 /* Assets.xcassets in Resources */,
				636C25841D77187300C13898 /* Main.storyboard in Resources */,
			);
			runOnlyForDeploymentPostprocessing = 0;
		};
/* End PBXResourcesBuildPhase section */

/* Begin PBXSourcesBuildPhase section */
		636C25771D77187300C13898 /* Sources */ = {
			isa = PBXSourcesBuildPhase;
			buildActionMask = 2147483647;
			files = (
				636C25811D77187300C13898 /* ViewController.swift in Sources */,
				636C25941D77190F00C13898 /* Player.swift in Sources */,
				636C257F1D77187300C13898 /* AppDelegate.swift in Sources */,
			);
			runOnlyForDeploymentPostprocessing = 0;
		};
/* End PBXSourcesBuildPhase section */

/* Begin PBXVariantGroup section */
		636C25821D77187300C13898 /* Main.storyboard */ = {
			isa = PBXVariantGroup;
			children = (
				636C25831D77187300C13898 /* Base */,
			);
			name = Main.storyboard;
			sourceTree = "<group>";
		};
		636C25871D77187300C13898 /* LaunchScreen.storyboard */ = {
			isa = PBXVariantGroup;
			children = (
				636C25881D77187300C13898 /* Base */,
			);
			name = LaunchScreen.storyboard;
			sourceTree = "<group>";
		};
/* End PBXVariantGroup section */

/* Begin XCBuildConfiguration section */
		636C258B1D77187300C13898 /* Debug */ = {
			isa = XCBuildConfiguration;
			buildSettings = {
				ALWAYS_SEARCH_USER_PATHS = NO;
				CLANG_ANALYZER_NONNULL = YES;
				CLANG_CXX_LANGUAGE_STANDARD = "gnu++0x";
				CLANG_CXX_LIBRARY = "libc++";
				CLANG_ENABLE_MODULES = YES;
				CLANG_ENABLE_OBJC_ARC = YES;
				CLANG_WARN_BOOL_CONVERSION = YES;
				CLANG_WARN_CONSTANT_CONVERSION = YES;
				CLANG_WARN_DIRECT_OBJC_ISA_USAGE = YES_ERROR;
				CLANG_WARN_EMPTY_BODY = YES;
				CLANG_WARN_ENUM_CONVERSION = YES;
				CLANG_WARN_INT_CONVERSION = YES;
				CLANG_WARN_OBJC_ROOT_CLASS = YES_ERROR;
				CLANG_WARN_UNREACHABLE_CODE = YES;
				CLANG_WARN__DUPLICATE_METHOD_MATCH = YES;
				"CODE_SIGN_IDENTITY[sdk=iphoneos*]" = "iPhone Developer";
				COPY_PHASE_STRIP = NO;
				DEBUG_INFORMATION_FORMAT = dwarf;
				ENABLE_STRICT_OBJC_MSGSEND = YES;
				ENABLE_TESTABILITY = YES;
				GCC_C_LANGUAGE_STANDARD = gnu99;
				GCC_DYNAMIC_NO_PIC = NO;
				GCC_NO_COMMON_BLOCKS = YES;
				GCC_OPTIMIZATION_LEVEL = 0;
				GCC_PREPROCESSOR_DEFINITIONS = (
					"DEBUG=1",
					"$(inherited)",
				);
				GCC_WARN_64_TO_32_BIT_CONVERSION = YES;
				GCC_WARN_ABOUT_RETURN_TYPE = YES_ERROR;
				GCC_WARN_UNDECLARED_SELECTOR = YES;
				GCC_WARN_UNINITIALIZED_AUTOS = YES_AGGRESSIVE;
				GCC_WARN_UNUSED_FUNCTION = YES;
				GCC_WARN_UNUSED_VARIABLE = YES;
				IPHONEOS_DEPLOYMENT_TARGET = 9.3;
				MTL_ENABLE_DEBUG_INFO = YES;
				ONLY_ACTIVE_ARCH = YES;
				SDKROOT = iphoneos;
				SWIFT_OPTIMIZATION_LEVEL = "-Onone";
				TARGETED_DEVICE_FAMILY = "1,2";
			};
			name = Debug;
		};
		636C258C1D77187300C13898 /* Release */ = {
			isa = XCBuildConfiguration;
			buildSettings = {
				ALWAYS_SEARCH_USER_PATHS = NO;
				CLANG_ANALYZER_NONNULL = YES;
				CLANG_CXX_LANGUAGE_STANDARD = "gnu++0x";
				CLANG_CXX_LIBRARY = "libc++";
				CLANG_ENABLE_MODULES = YES;
				CLANG_ENABLE_OBJC_ARC = YES;
				CLANG_WARN_BOOL_CONVERSION = YES;
				CLANG_WARN_CONSTANT_CONVERSION = YES;
				CLANG_WARN_DIRECT_OBJC_ISA_USAGE = YES_ERROR;
				CLANG_WARN_EMPTY_BODY = YES;
				CLANG_WARN_ENUM_CONVERSION = YES;
				CLANG_WARN_INT_CONVERSION = YES;
				CLANG_WARN_OBJC_ROOT_CLASS = YES_ERROR;
				CLANG_WARN_UNREACHABLE_CODE = YES;
				CLANG_WARN__DUPLICATE_METHOD_MATCH = YES;
				"CODE_SIGN_IDENTITY[sdk=iphoneos*]" = "iPhone Developer";
				COPY_PHASE_STRIP = NO;
				DEBUG_INFORMATION_FORMAT = "dwarf-with-dsym";
				ENABLE_NS_ASSERTIONS = NO;
				ENABLE_STRICT_OBJC_MSGSEND = YES;
				GCC_C_LANGUAGE_STANDARD = gnu99;
				GCC_NO_COMMON_BLOCKS = YES;
				GCC_WARN_64_TO_32_BIT_CONVERSION = YES;
				GCC_WARN_ABOUT_RETURN_TYPE = YES_ERROR;
				GCC_WARN_UNDECLARED_SELECTOR = YES;
				GCC_WARN_UNINITIALIZED_AUTOS = YES_AGGRESSIVE;
				GCC_WARN_UNUSED_FUNCTION = YES;
				GCC_WARN_UNUSED_VARIABLE = YES;
				IPHONEOS_DEPLOYMENT_TARGET = 9.3;
				MTL_ENABLE_DEBUG_INFO = NO;
				SDKROOT = iphoneos;
				TARGETED_DEVICE_FAMILY = "1,2";
				VALIDATE_PRODUCT = YES;
			};
			name = Release;
		};
		636C258E1D77187300C13898 /* Debug */ = {
			isa = XCBuildConfiguration;
			buildSettings = {
				ASSETCATALOG_COMPILER_APPICON_NAME = AppIcon;
				INFOPLIST_FILE = CrapsLearner/Info.plist;
				LD_RUNPATH_SEARCH_PATHS = "$(inherited) @executable_path/Frameworks";
				PRODUCT_BUNDLE_IDENTIFIER = com.responseapps.CrapsLearner;
				PRODUCT_NAME = "$(TARGET_NAME)";
			};
			name = Debug;
		};
		636C258F1D77187300C13898 /* Release */ = {
			isa = XCBuildConfiguration;
			buildSettings = {
				ASSETCATALOG_COMPILER_APPICON_NAME = AppIcon;
				INFOPLIST_FILE = CrapsLearner/Info.plist;
				LD_RUNPATH_SEARCH_PATHS = "$(inherited) @executable_path/Frameworks";
				PRODUCT_BUNDLE_IDENTIFIER = com.responseapps.CrapsLearner;
				PRODUCT_NAME = "$(TARGET_NAME)";
			};
			name = Release;
		};
/* End XCBuildConfiguration section */

/* Begin XCConfigurationList section */
		636C25761D77187300C13898 /* Build configuration list for PBXProject "CrapsLearner" */ = {
			isa = XCConfigurationList;
			buildConfigurations = (
				636C258B1D77187300C13898 /* Debug */,
				636C258C1D77187300C13898 /* Release */,
			);
			defaultConfigurationIsVisible = 0;
			defaultConfigurationName = Release;
		};
		636C258D1D77187300C13898 /* Build configuration list for PBXNativeTarget "CrapsLearner" */ = {
			isa = XCConfigurationList;
			buildConfigurations = (
				636C258E1D77187300C13898 /* Debug */,
				636C258F1D77187300C13898 /* Release */,
			);
			defaultConfigurationIsVisible = 0;
		};
/* End XCConfigurationList section */
	};
	rootObject = 636C25731D77187300C13898 /* Project object */;
}
